// !$*UTF8*$!
{
	archiveVersion = 1;
	classes = {
	};
	objectVersion = 46;
	objects = {

/* Begin PBXBuildFile section */
		B5B27B271B41A86F007E802E /* UIColorExtension.swift in Sources */ = {isa = PBXBuildFile; fileRef = B5B27B261B41A86F007E802E /* UIColorExtension.swift */; };
		B5BC33C81B42679C000E3F32 /* AsyncButton.swift in Sources */ = {isa = PBXBuildFile; fileRef = B5BC33AA1B42679C000E3F32 /* AsyncButton.swift */; };
		B5BC33C91B42679C000E3F32 /* AsyncImageView.swift in Sources */ = {isa = PBXBuildFile; fileRef = B5BC33AB1B42679C000E3F32 /* AsyncImageView.swift */; };
		B5BC33CA1B42679C000E3F32 /* AutoTextView.swift in Sources */ = {isa = PBXBuildFile; fileRef = B5BC33AC1B42679C000E3F32 /* AutoTextView.swift */; };
		B5BC33CB1B42679C000E3F32 /* BlurView.swift in Sources */ = {isa = PBXBuildFile; fileRef = B5BC33AD1B42679C000E3F32 /* BlurView.swift */; };
		B5BC33CC1B42679C000E3F32 /* DesignableButton.swift in Sources */ = {isa = PBXBuildFile; fileRef = B5BC33AE1B42679C000E3F32 /* DesignableButton.swift */; };
		B5BC33CD1B42679C000E3F32 /* DesignableImageView.swift in Sources */ = {isa = PBXBuildFile; fileRef = B5BC33AF1B42679C000E3F32 /* DesignableImageView.swift */; };
		B5BC33CE1B42679C000E3F32 /* DesignableLabel.swift in Sources */ = {isa = PBXBuildFile; fileRef = B5BC33B01B42679C000E3F32 /* DesignableLabel.swift */; };
		B5BC33CF1B42679C000E3F32 /* DesignableTabBarController.swift in Sources */ = {isa = PBXBuildFile; fileRef = B5BC33B11B42679C000E3F32 /* DesignableTabBarController.swift */; };
		B5BC33D01B42679C000E3F32 /* DesignableTextField.swift in Sources */ = {isa = PBXBuildFile; fileRef = B5BC33B21B42679C000E3F32 /* DesignableTextField.swift */; };
		B5BC33D11B42679C000E3F32 /* DesignableTextView.swift in Sources */ = {isa = PBXBuildFile; fileRef = B5BC33B31B42679C000E3F32 /* DesignableTextView.swift */; };
		B5BC33D21B42679C000E3F32 /* DesignableView.swift in Sources */ = {isa = PBXBuildFile; fileRef = B5BC33B41B42679C000E3F32 /* DesignableView.swift */; };
		B5BC33D31B42679C000E3F32 /* ImageLoader.swift in Sources */ = {isa = PBXBuildFile; fileRef = B5BC33B51B42679C000E3F32 /* ImageLoader.swift */; };
		B5BC33D41B42679C000E3F32 /* Info.plist in Resources */ = {isa = PBXBuildFile; fileRef = B5BC33B61B42679C000E3F32 /* Info.plist */; };
		B5BC33D51B42679C000E3F32 /* KeyboardLayoutConstraint.swift in Sources */ = {isa = PBXBuildFile; fileRef = B5BC33B71B42679C000E3F32 /* KeyboardLayoutConstraint.swift */; };
		B5BC33D61B42679C000E3F32 /* LoadingView.swift in Sources */ = {isa = PBXBuildFile; fileRef = B5BC33B81B42679C000E3F32 /* LoadingView.swift */; };
		B5BC33D71B42679C000E3F32 /* LoadingView.xib in Resources */ = {isa = PBXBuildFile; fileRef = B5BC33B91B42679C000E3F32 /* LoadingView.xib */; };
		B5BC33D81B42679C000E3F32 /* Misc.swift in Sources */ = {isa = PBXBuildFile; fileRef = B5BC33BA1B42679C000E3F32 /* Misc.swift */; };
		B5BC33D91B42679C000E3F32 /* SoundPlayer.swift in Sources */ = {isa = PBXBuildFile; fileRef = B5BC33BB1B42679C000E3F32 /* SoundPlayer.swift */; };
		B5BC33DA1B42679C000E3F32 /* Spring.swift in Sources */ = {isa = PBXBuildFile; fileRef = B5BC33BD1B42679C000E3F32 /* Spring.swift */; };
		B5BC33DB1B42679C000E3F32 /* SpringAnimation.swift in Sources */ = {isa = PBXBuildFile; fileRef = B5BC33BE1B42679C000E3F32 /* SpringAnimation.swift */; };
		B5BC33DC1B42679C000E3F32 /* SpringButton.swift in Sources */ = {isa = PBXBuildFile; fileRef = B5BC33BF1B42679C000E3F32 /* SpringButton.swift */; };
		B5BC33DD1B42679C000E3F32 /* SpringImageView.swift in Sources */ = {isa = PBXBuildFile; fileRef = B5BC33C01B42679C000E3F32 /* SpringImageView.swift */; };
		B5BC33DE1B42679C000E3F32 /* SpringLabel.swift in Sources */ = {isa = PBXBuildFile; fileRef = B5BC33C11B42679C000E3F32 /* SpringLabel.swift */; };
		B5BC33DF1B42679C000E3F32 /* SpringTextField.swift in Sources */ = {isa = PBXBuildFile; fileRef = B5BC33C21B42679C000E3F32 /* SpringTextField.swift */; };
		B5BC33E01B42679C000E3F32 /* SpringTextView.swift in Sources */ = {isa = PBXBuildFile; fileRef = B5BC33C31B42679C000E3F32 /* SpringTextView.swift */; };
		B5BC33E11B42679C000E3F32 /* SpringView.swift in Sources */ = {isa = PBXBuildFile; fileRef = B5BC33C41B42679C000E3F32 /* SpringView.swift */; };
		B5BC33E21B42679C000E3F32 /* TransitionManager.swift in Sources */ = {isa = PBXBuildFile; fileRef = B5BC33C51B42679C000E3F32 /* TransitionManager.swift */; };
		B5BC33E31B42679C000E3F32 /* TransitionZoom.swift in Sources */ = {isa = PBXBuildFile; fileRef = B5BC33C61B42679C000E3F32 /* TransitionZoom.swift */; };
		B5BC33E41B42679C000E3F32 /* UnwindSegue.swift in Sources */ = {isa = PBXBuildFile; fileRef = B5BC33C71B42679C000E3F32 /* UnwindSegue.swift */; };
		B5BC33E61B427190000E3F32 /* colors.plist in Resources */ = {isa = PBXBuildFile; fileRef = B5BC33E51B427190000E3F32 /* colors.plist */; };
		B5F611C21B3DEFB900ECA0FA /* AppDelegate.swift in Sources */ = {isa = PBXBuildFile; fileRef = B5F611C11B3DEFB900ECA0FA /* AppDelegate.swift */; };
		B5F611C41B3DEFB900ECA0FA /* NavigationVC.swift in Sources */ = {isa = PBXBuildFile; fileRef = B5F611C31B3DEFB900ECA0FA /* NavigationVC.swift */; };
		B5F611C71B3DEFB900ECA0FA /* Main.storyboard in Resources */ = {isa = PBXBuildFile; fileRef = B5F611C51B3DEFB900ECA0FA /* Main.storyboard */; };
		B5F611C91B3DEFB900ECA0FA /* Images.xcassets in Resources */ = {isa = PBXBuildFile; fileRef = B5F611C81B3DEFB900ECA0FA /* Images.xcassets */; };
		B5F611CC1B3DEFB900ECA0FA /* LaunchScreen.xib in Resources */ = {isa = PBXBuildFile; fileRef = B5F611CA1B3DEFB900ECA0FA /* LaunchScreen.xib */; };
		B5F611D81B3DEFB900ECA0FA /* CollegeEatsTests.swift in Sources */ = {isa = PBXBuildFile; fileRef = B5F611D71B3DEFB900ECA0FA /* CollegeEatsTests.swift */; };
		B5F611E21B3DF3A000ECA0FA /* json.swift in Sources */ = {isa = PBXBuildFile; fileRef = B5F611E11B3DF3A000ECA0FA /* json.swift */; };
		B5FAF2E31B411BB0001AE66C /* MenuTableVC.swift in Sources */ = {isa = PBXBuildFile; fileRef = B5FAF2E21B411BB0001AE66C /* MenuTableVC.swift */; };
/* End PBXBuildFile section */

/* Begin PBXContainerItemProxy section */
		B5F611D21B3DEFB900ECA0FA /* PBXContainerItemProxy */ = {
			isa = PBXContainerItemProxy;
			containerPortal = B5F611B41B3DEFB800ECA0FA /* Project object */;
			proxyType = 1;
			remoteGlobalIDString = B5F611BB1B3DEFB900ECA0FA;
			remoteInfo = CollegeEats;
		};
/* End PBXContainerItemProxy section */

/* Begin PBXFileReference section */
		B5B27B261B41A86F007E802E /* UIColorExtension.swift */ = {isa = PBXFileReference; fileEncoding = 4; lastKnownFileType = sourcecode.swift; path = UIColorExtension.swift; sourceTree = "<group>"; };
		B5BC33AA1B42679C000E3F32 /* AsyncButton.swift */ = {isa = PBXFileReference; fileEncoding = 4; lastKnownFileType = sourcecode.swift; path = AsyncButton.swift; sourceTree = "<group>"; };
		B5BC33AB1B42679C000E3F32 /* AsyncImageView.swift */ = {isa = PBXFileReference; fileEncoding = 4; lastKnownFileType = sourcecode.swift; path = AsyncImageView.swift; sourceTree = "<group>"; };
		B5BC33AC1B42679C000E3F32 /* AutoTextView.swift */ = {isa = PBXFileReference; fileEncoding = 4; lastKnownFileType = sourcecode.swift; path = AutoTextView.swift; sourceTree = "<group>"; };
		B5BC33AD1B42679C000E3F32 /* BlurView.swift */ = {isa = PBXFileReference; fileEncoding = 4; lastKnownFileType = sourcecode.swift; path = BlurView.swift; sourceTree = "<group>"; };
		B5BC33AE1B42679C000E3F32 /* DesignableButton.swift */ = {isa = PBXFileReference; fileEncoding = 4; lastKnownFileType = sourcecode.swift; path = DesignableButton.swift; sourceTree = "<group>"; };
		B5BC33AF1B42679C000E3F32 /* DesignableImageView.swift */ = {isa = PBXFileReference; fileEncoding = 4; lastKnownFileType = sourcecode.swift; path = DesignableImageView.swift; sourceTree = "<group>"; };
		B5BC33B01B42679C000E3F32 /* DesignableLabel.swift */ = {isa = PBXFileReference; fileEncoding = 4; lastKnownFileType = sourcecode.swift; path = DesignableLabel.swift; sourceTree = "<group>"; };
		B5BC33B11B42679C000E3F32 /* DesignableTabBarController.swift */ = {isa = PBXFileReference; fileEncoding = 4; lastKnownFileType = sourcecode.swift; path = DesignableTabBarController.swift; sourceTree = "<group>"; };
		B5BC33B21B42679C000E3F32 /* DesignableTextField.swift */ = {isa = PBXFileReference; fileEncoding = 4; lastKnownFileType = sourcecode.swift; path = DesignableTextField.swift; sourceTree = "<group>"; };
		B5BC33B31B42679C000E3F32 /* DesignableTextView.swift */ = {isa = PBXFileReference; fileEncoding = 4; lastKnownFileType = sourcecode.swift; path = DesignableTextView.swift; sourceTree = "<group>"; };
		B5BC33B41B42679C000E3F32 /* DesignableView.swift */ = {isa = PBXFileReference; fileEncoding = 4; lastKnownFileType = sourcecode.swift; path = DesignableView.swift; sourceTree = "<group>"; };
		B5BC33B51B42679C000E3F32 /* ImageLoader.swift */ = {isa = PBXFileReference; fileEncoding = 4; lastKnownFileType = sourcecode.swift; path = ImageLoader.swift; sourceTree = "<group>"; };
		B5BC33B61B42679C000E3F32 /* Info.plist */ = {isa = PBXFileReference; fileEncoding = 4; lastKnownFileType = text.plist.xml; path = Info.plist; sourceTree = "<group>"; };
		B5BC33B71B42679C000E3F32 /* KeyboardLayoutConstraint.swift */ = {isa = PBXFileReference; fileEncoding = 4; lastKnownFileType = sourcecode.swift; path = KeyboardLayoutConstraint.swift; sourceTree = "<group>"; };
		B5BC33B81B42679C000E3F32 /* LoadingView.swift */ = {isa = PBXFileReference; fileEncoding = 4; lastKnownFileType = sourcecode.swift; path = LoadingView.swift; sourceTree = "<group>"; };
		B5BC33B91B42679C000E3F32 /* LoadingView.xib */ = {isa = PBXFileReference; fileEncoding = 4; lastKnownFileType = file.xib; path = LoadingView.xib; sourceTree = "<group>"; };
		B5BC33BA1B42679C000E3F32 /* Misc.swift */ = {isa = PBXFileReference; fileEncoding = 4; lastKnownFileType = sourcecode.swift; path = Misc.swift; sourceTree = "<group>"; };
		B5BC33BB1B42679C000E3F32 /* SoundPlayer.swift */ = {isa = PBXFileReference; fileEncoding = 4; lastKnownFileType = sourcecode.swift; path = SoundPlayer.swift; sourceTree = "<group>"; };
		B5BC33BC1B42679C000E3F32 /* Spring.h */ = {isa = PBXFileReference; fileEncoding = 4; lastKnownFileType = sourcecode.c.h; path = Spring.h; sourceTree = "<group>"; };
		B5BC33BD1B42679C000E3F32 /* Spring.swift */ = {isa = PBXFileReference; fileEncoding = 4; lastKnownFileType = sourcecode.swift; path = Spring.swift; sourceTree = "<group>"; };
		B5BC33BE1B42679C000E3F32 /* SpringAnimation.swift */ = {isa = PBXFileReference; fileEncoding = 4; lastKnownFileType = sourcecode.swift; path = SpringAnimation.swift; sourceTree = "<group>"; };
		B5BC33BF1B42679C000E3F32 /* SpringButton.swift */ = {isa = PBXFileReference; fileEncoding = 4; lastKnownFileType = sourcecode.swift; path = SpringButton.swift; sourceTree = "<group>"; };
		B5BC33C01B42679C000E3F32 /* SpringImageView.swift */ = {isa = PBXFileReference; fileEncoding = 4; lastKnownFileType = sourcecode.swift; path = SpringImageView.swift; sourceTree = "<group>"; };
		B5BC33C11B42679C000E3F32 /* SpringLabel.swift */ = {isa = PBXFileReference; fileEncoding = 4; lastKnownFileType = sourcecode.swift; path = SpringLabel.swift; sourceTree = "<group>"; };
		B5BC33C21B42679C000E3F32 /* SpringTextField.swift */ = {isa = PBXFileReference; fileEncoding = 4; lastKnownFileType = sourcecode.swift; path = SpringTextField.swift; sourceTree = "<group>"; };
		B5BC33C31B42679C000E3F32 /* SpringTextView.swift */ = {isa = PBXFileReference; fileEncoding = 4; lastKnownFileType = sourcecode.swift; path = SpringTextView.swift; sourceTree = "<group>"; };
		B5BC33C41B42679C000E3F32 /* SpringView.swift */ = {isa = PBXFileReference; fileEncoding = 4; lastKnownFileType = sourcecode.swift; path = SpringView.swift; sourceTree = "<group>"; };
		B5BC33C51B42679C000E3F32 /* TransitionManager.swift */ = {isa = PBXFileReference; fileEncoding = 4; lastKnownFileType = sourcecode.swift; path = TransitionManager.swift; sourceTree = "<group>"; };
		B5BC33C61B42679C000E3F32 /* TransitionZoom.swift */ = {isa = PBXFileReference; fileEncoding = 4; lastKnownFileType = sourcecode.swift; path = TransitionZoom.swift; sourceTree = "<group>"; };
		B5BC33C71B42679C000E3F32 /* UnwindSegue.swift */ = {isa = PBXFileReference; fileEncoding = 4; lastKnownFileType = sourcecode.swift; path = UnwindSegue.swift; sourceTree = "<group>"; };
		B5BC33E51B427190000E3F32 /* colors.plist */ = {isa = PBXFileReference; fileEncoding = 4; lastKnownFileType = text.plist.xml; path = colors.plist; sourceTree = "<group>"; };
		B5F611BC1B3DEFB900ECA0FA /* CollegeEats.app */ = {isa = PBXFileReference; explicitFileType = wrapper.application; includeInIndex = 0; path = CollegeEats.app; sourceTree = BUILT_PRODUCTS_DIR; };
		B5F611C01B3DEFB900ECA0FA /* Info.plist */ = {isa = PBXFileReference; lastKnownFileType = text.plist.xml; path = Info.plist; sourceTree = "<group>"; };
		B5F611C11B3DEFB900ECA0FA /* AppDelegate.swift */ = {isa = PBXFileReference; lastKnownFileType = sourcecode.swift; path = AppDelegate.swift; sourceTree = "<group>"; };
		B5F611C31B3DEFB900ECA0FA /* NavigationVC.swift */ = {isa = PBXFileReference; lastKnownFileType = sourcecode.swift; path = NavigationVC.swift; sourceTree = "<group>"; };
		B5F611C61B3DEFB900ECA0FA /* Base */ = {isa = PBXFileReference; lastKnownFileType = file.storyboard; name = Base; path = Base.lproj/Main.storyboard; sourceTree = "<group>"; };
		B5F611C81B3DEFB900ECA0FA /* Images.xcassets */ = {isa = PBXFileReference; lastKnownFileType = folder.assetcatalog; path = Images.xcassets; sourceTree = "<group>"; };
		B5F611CB1B3DEFB900ECA0FA /* Base */ = {isa = PBXFileReference; lastKnownFileType = file.xib; name = Base; path = Base.lproj/LaunchScreen.xib; sourceTree = "<group>"; };
		B5F611D11B3DEFB900ECA0FA /* CollegeEatsTests.xctest */ = {isa = PBXFileReference; explicitFileType = wrapper.cfbundle; includeInIndex = 0; path = CollegeEatsTests.xctest; sourceTree = BUILT_PRODUCTS_DIR; };
		B5F611D61B3DEFB900ECA0FA /* Info.plist */ = {isa = PBXFileReference; lastKnownFileType = text.plist.xml; path = Info.plist; sourceTree = "<group>"; };
		B5F611D71B3DEFB900ECA0FA /* CollegeEatsTests.swift */ = {isa = PBXFileReference; lastKnownFileType = sourcecode.swift; path = CollegeEatsTests.swift; sourceTree = "<group>"; };
		B5F611E11B3DF3A000ECA0FA /* json.swift */ = {isa = PBXFileReference; fileEncoding = 4; lastKnownFileType = sourcecode.swift; path = json.swift; sourceTree = "<group>"; };
		B5FAF2E21B411BB0001AE66C /* MenuTableVC.swift */ = {isa = PBXFileReference; fileEncoding = 4; lastKnownFileType = sourcecode.swift; path = MenuTableVC.swift; sourceTree = "<group>"; };
/* End PBXFileReference section */

/* Begin PBXFrameworksBuildPhase section */
		B5F611B91B3DEFB900ECA0FA /* Frameworks */ = {
			isa = PBXFrameworksBuildPhase;
			buildActionMask = 2147483647;
			files = (
			);
			runOnlyForDeploymentPostprocessing = 0;
		};
		B5F611CE1B3DEFB900ECA0FA /* Frameworks */ = {
			isa = PBXFrameworksBuildPhase;
			buildActionMask = 2147483647;
			files = (
			);
			runOnlyForDeploymentPostprocessing = 0;
		};
/* End PBXFrameworksBuildPhase section */

/* Begin PBXGroup section */
		B5BC33A91B42679C000E3F32 /* Spring */ = {
			isa = PBXGroup;
			children = (
				B5BC33AA1B42679C000E3F32 /* AsyncButton.swift */,
				B5BC33AB1B42679C000E3F32 /* AsyncImageView.swift */,
				B5BC33AC1B42679C000E3F32 /* AutoTextView.swift */,
				B5BC33AD1B42679C000E3F32 /* BlurView.swift */,
				B5BC33AE1B42679C000E3F32 /* DesignableButton.swift */,
				B5BC33AF1B42679C000E3F32 /* DesignableImageView.swift */,
				B5BC33B01B42679C000E3F32 /* DesignableLabel.swift */,
				B5BC33B11B42679C000E3F32 /* DesignableTabBarController.swift */,
				B5BC33B21B42679C000E3F32 /* DesignableTextField.swift */,
				B5BC33B31B42679C000E3F32 /* DesignableTextView.swift */,
				B5BC33B41B42679C000E3F32 /* DesignableView.swift */,
				B5BC33B51B42679C000E3F32 /* ImageLoader.swift */,
				B5BC33B61B42679C000E3F32 /* Info.plist */,
				B5BC33B71B42679C000E3F32 /* KeyboardLayoutConstraint.swift */,
				B5BC33B81B42679C000E3F32 /* LoadingView.swift */,
				B5BC33B91B42679C000E3F32 /* LoadingView.xib */,
				B5BC33BA1B42679C000E3F32 /* Misc.swift */,
				B5BC33BB1B42679C000E3F32 /* SoundPlayer.swift */,
				B5BC33BC1B42679C000E3F32 /* Spring.h */,
				B5BC33BD1B42679C000E3F32 /* Spring.swift */,
				B5BC33BE1B42679C000E3F32 /* SpringAnimation.swift */,
				B5BC33BF1B42679C000E3F32 /* SpringButton.swift */,
				B5BC33C01B42679C000E3F32 /* SpringImageView.swift */,
				B5BC33C11B42679C000E3F32 /* SpringLabel.swift */,
				B5BC33C21B42679C000E3F32 /* SpringTextField.swift */,
				B5BC33C31B42679C000E3F32 /* SpringTextView.swift */,
				B5BC33C41B42679C000E3F32 /* SpringView.swift */,
				B5BC33C51B42679C000E3F32 /* TransitionManager.swift */,
				B5BC33C61B42679C000E3F32 /* TransitionZoom.swift */,
				B5BC33C71B42679C000E3F32 /* UnwindSegue.swift */,
			);
			path = Spring;
			sourceTree = "<group>";
		};
		B5F611B31B3DEFB800ECA0FA = {
			isa = PBXGroup;
			children = (
				B5F611BE1B3DEFB900ECA0FA /* CollegeEats */,
				B5F611D41B3DEFB900ECA0FA /* CollegeEatsTests */,
				B5F611BD1B3DEFB900ECA0FA /* Products */,
			);
			sourceTree = "<group>";
		};
		B5F611BD1B3DEFB900ECA0FA /* Products */ = {
			isa = PBXGroup;
			children = (
				B5F611BC1B3DEFB900ECA0FA /* CollegeEats.app */,
				B5F611D11B3DEFB900ECA0FA /* CollegeEatsTests.xctest */,
			);
			name = Products;
			sourceTree = "<group>";
		};
		B5F611BE1B3DEFB900ECA0FA /* CollegeEats */ = {
			isa = PBXGroup;
			children = (
				B5B27B261B41A86F007E802E /* UIColorExtension.swift */,
				B5F611C11B3DEFB900ECA0FA /* AppDelegate.swift */,
				B5F611E11B3DF3A000ECA0FA /* json.swift */,
				B5F611C31B3DEFB900ECA0FA /* NavigationVC.swift */,
				B5F611C51B3DEFB900ECA0FA /* Main.storyboard */,
				B5F611C81B3DEFB900ECA0FA /* Images.xcassets */,
				B5F611CA1B3DEFB900ECA0FA /* LaunchScreen.xib */,
				B5F611BF1B3DEFB900ECA0FA /* Supporting Files */,
				B5FAF2E21B411BB0001AE66C /* MenuTableVC.swift */,
				B5BC33E51B427190000E3F32 /* colors.plist */,
			);
			path = CollegeEats;
			sourceTree = "<group>";
		};
		B5F611BF1B3DEFB900ECA0FA /* Supporting Files */ = {
			isa = PBXGroup;
			children = (
				B5F611C01B3DEFB900ECA0FA /* Info.plist */,
				B5BC33A91B42679C000E3F32 /* Spring */,
			);
			name = "Supporting Files";
			sourceTree = "<group>";
		};
		B5F611D41B3DEFB900ECA0FA /* CollegeEatsTests */ = {
			isa = PBXGroup;
			children = (
				B5F611D71B3DEFB900ECA0FA /* CollegeEatsTests.swift */,
				B5F611D51B3DEFB900ECA0FA /* Supporting Files */,
			);
			path = CollegeEatsTests;
			sourceTree = "<group>";
		};
		B5F611D51B3DEFB900ECA0FA /* Supporting Files */ = {
			isa = PBXGroup;
			children = (
				B5F611D61B3DEFB900ECA0FA /* Info.plist */,
			);
			name = "Supporting Files";
			sourceTree = "<group>";
		};
/* End PBXGroup section */

/* Begin PBXNativeTarget section */
		B5F611BB1B3DEFB900ECA0FA /* CollegeEats */ = {
			isa = PBXNativeTarget;
			buildConfigurationList = B5F611DB1B3DEFB900ECA0FA /* Build configuration list for PBXNativeTarget "CollegeEats" */;
			buildPhases = (
				B5F611B81B3DEFB900ECA0FA /* Sources */,
				B5F611B91B3DEFB900ECA0FA /* Frameworks */,
				B5F611BA1B3DEFB900ECA0FA /* Resources */,
			);
			buildRules = (
			);
			dependencies = (
			);
			name = CollegeEats;
			productName = CollegeEats;
			productReference = B5F611BC1B3DEFB900ECA0FA /* CollegeEats.app */;
			productType = "com.apple.product-type.application";
		};
		B5F611D01B3DEFB900ECA0FA /* CollegeEatsTests */ = {
			isa = PBXNativeTarget;
			buildConfigurationList = B5F611DE1B3DEFB900ECA0FA /* Build configuration list for PBXNativeTarget "CollegeEatsTests" */;
			buildPhases = (
				B5F611CD1B3DEFB900ECA0FA /* Sources */,
				B5F611CE1B3DEFB900ECA0FA /* Frameworks */,
				B5F611CF1B3DEFB900ECA0FA /* Resources */,
			);
			buildRules = (
			);
			dependencies = (
				B5F611D31B3DEFB900ECA0FA /* PBXTargetDependency */,
			);
			name = CollegeEatsTests;
			productName = CollegeEatsTests;
			productReference = B5F611D11B3DEFB900ECA0FA /* CollegeEatsTests.xctest */;
			productType = "com.apple.product-type.bundle.unit-test";
		};
/* End PBXNativeTarget section */

/* Begin PBXProject section */
		B5F611B41B3DEFB800ECA0FA /* Project object */ = {
			isa = PBXProject;
			attributes = {
				LastUpgradeCheck = 0630;
				ORGANIZATIONNAME = Laucity;
				TargetAttributes = {
					B5F611BB1B3DEFB900ECA0FA = {
						CreatedOnToolsVersion = 6.3.2;
					};
					B5F611D01B3DEFB900ECA0FA = {
						CreatedOnToolsVersion = 6.3.2;
						TestTargetID = B5F611BB1B3DEFB900ECA0FA;
					};
				};
			};
			buildConfigurationList = B5F611B71B3DEFB900ECA0FA /* Build configuration list for PBXProject "CollegeEats" */;
			compatibilityVersion = "Xcode 3.2";
			developmentRegion = English;
			hasScannedForEncodings = 0;
			knownRegions = (
				en,
				Base,
			);
			mainGroup = B5F611B31B3DEFB800ECA0FA;
			productRefGroup = B5F611BD1B3DEFB900ECA0FA /* Products */;
			projectDirPath = "";
			projectRoot = "";
			targets = (
				B5F611BB1B3DEFB900ECA0FA /* CollegeEats */,
				B5F611D01B3DEFB900ECA0FA /* CollegeEatsTests */,
			);
		};
/* End PBXProject section */

/* Begin PBXResourcesBuildPhase section */
		B5F611BA1B3DEFB900ECA0FA /* Resources */ = {
			isa = PBXResourcesBuildPhase;
			buildActionMask = 2147483647;
			files = (
				B5BC33E61B427190000E3F32 /* colors.plist in Resources */,
				B5BC33D41B42679C000E3F32 /* Info.plist in Resources */,
				B5F611C71B3DEFB900ECA0FA /* Main.storyboard in Resources */,
				B5F611CC1B3DEFB900ECA0FA /* LaunchScreen.xib in Resources */,
				B5F611C91B3DEFB900ECA0FA /* Images.xcassets in Resources */,
				B5BC33D71B42679C000E3F32 /* LoadingView.xib in Resources */,
			);
			runOnlyForDeploymentPostprocessing = 0;
		};
		B5F611CF1B3DEFB900ECA0FA /* Resources */ = {
			isa = PBXResourcesBuildPhase;
			buildActionMask = 2147483647;
			files = (
			);
			runOnlyForDeploymentPostprocessing = 0;
		};
/* End PBXResourcesBuildPhase section */

/* Begin PBXSourcesBuildPhase section */
		B5F611B81B3DEFB900ECA0FA /* Sources */ = {
			isa = PBXSourcesBuildPhase;
			buildActionMask = 2147483647;
			files = (
				B5FAF2E31B411BB0001AE66C /* MenuTableVC.swift in Sources */,
				B5BC33D91B42679C000E3F32 /* SoundPlayer.swift in Sources */,
				B5BC33CD1B42679C000E3F32 /* DesignableImageView.swift in Sources */,
				B5BC33DF1B42679C000E3F32 /* SpringTextField.swift in Sources */,
				B5F611C41B3DEFB900ECA0FA /* NavigationVC.swift in Sources */,
				B5BC33D01B42679C000E3F32 /* DesignableTextField.swift in Sources */,
				B5BC33E21B42679C000E3F32 /* TransitionManager.swift in Sources */,
				B5BC33DB1B42679C000E3F32 /* SpringAnimation.swift in Sources */,
				B5BC33C81B42679C000E3F32 /* AsyncButton.swift in Sources */,
				B5BC33D51B42679C000E3F32 /* KeyboardLayoutConstraint.swift in Sources */,
				B5BC33CC1B42679C000E3F32 /* DesignableButton.swift in Sources */,
				B5B27B271B41A86F007E802E /* UIColorExtension.swift in Sources */,
				B5F611C21B3DEFB900ECA0FA /* AppDelegate.swift in Sources */,
				B5BC33D21B42679C000E3F32 /* DesignableView.swift in Sources */,
				B5BC33E31B42679C000E3F32 /* TransitionZoom.swift in Sources */,
				B5BC33CB1B42679C000E3F32 /* BlurView.swift in Sources */,
				B5F611E21B3DF3A000ECA0FA /* json.swift in Sources */,
				B5BC33D31B42679C000E3F32 /* ImageLoader.swift in Sources */,
				B5BC33E11B42679C000E3F32 /* SpringView.swift in Sources */,
				B5BC33DE1B42679C000E3F32 /* SpringLabel.swift in Sources */,
				B5BC33D81B42679C000E3F32 /* Misc.swift in Sources */,
				B5BC33CF1B42679C000E3F32 /* DesignableTabBarController.swift in Sources */,
				B5BC33CA1B42679C000E3F32 /* AutoTextView.swift in Sources */,
				B5BC33D11B42679C000E3F32 /* DesignableTextView.swift in Sources */,
				B5BC33DA1B42679C000E3F32 /* Spring.swift in Sources */,
				B5BC33DC1B42679C000E3F32 /* SpringButton.swift in Sources */,
				B5BC33E41B42679C000E3F32 /* UnwindSegue.swift in Sources */,
				B5BC33CE1B42679C000E3F32 /* DesignableLabel.swift in Sources */,
				B5BC33DD1B42679C000E3F32 /* SpringImageView.swift in Sources */,
				B5BC33D61B42679C000E3F32 /* LoadingView.swift in Sources */,
				B5BC33E01B42679C000E3F32 /* SpringTextView.swift in Sources */,
				B5BC33C91B42679C000E3F32 /* AsyncImageView.swift in Sources */,
			);
			runOnlyForDeploymentPostprocessing = 0;
		};
		B5F611CD1B3DEFB900ECA0FA /* Sources */ = {
			isa = PBXSourcesBuildPhase;
			buildActionMask = 2147483647;
			files = (
				B5F611D81B3DEFB900ECA0FA /* CollegeEatsTests.swift in Sources */,
			);
			runOnlyForDeploymentPostprocessing = 0;
		};
/* End PBXSourcesBuildPhase section */

/* Begin PBXTargetDependency section */
		B5F611D31B3DEFB900ECA0FA /* PBXTargetDependency */ = {
			isa = PBXTargetDependency;
			target = B5F611BB1B3DEFB900ECA0FA /* CollegeEats */;
			targetProxy = B5F611D21B3DEFB900ECA0FA /* PBXContainerItemProxy */;
		};
/* End PBXTargetDependency section */

/* Begin PBXVariantGroup section */
		B5F611C51B3DEFB900ECA0FA /* Main.storyboard */ = {
			isa = PBXVariantGroup;
			children = (
				B5F611C61B3DEFB900ECA0FA /* Base */,
			);
			name = Main.storyboard;
			sourceTree = "<group>";
		};
		B5F611CA1B3DEFB900ECA0FA /* LaunchScreen.xib */ = {
			isa = PBXVariantGroup;
			children = (
				B5F611CB1B3DEFB900ECA0FA /* Base */,
			);
			name = LaunchScreen.xib;
			sourceTree = "<group>";
		};
/* End PBXVariantGroup section */

/* Begin XCBuildConfiguration section */
		B5F611D91B3DEFB900ECA0FA /* Debug */ = {
			isa = XCBuildConfiguration;
			buildSettings = {
				ALWAYS_SEARCH_USER_PATHS = NO;
				CLANG_CXX_LANGUAGE_STANDARD = "gnu++0x";
				CLANG_CXX_LIBRARY = "libc++";
				CLANG_ENABLE_MODULES = YES;
				CLANG_ENABLE_OBJC_ARC = YES;
				CLANG_WARN_BOOL_CONVERSION = YES;
				CLANG_WARN_CONSTANT_CONVERSION = YES;
				CLANG_WARN_DIRECT_OBJC_ISA_USAGE = YES_ERROR;
				CLANG_WARN_EMPTY_BODY = YES;
				CLANG_WARN_ENUM_CONVERSION = YES;
				CLANG_WARN_INT_CONVERSION = YES;
				CLANG_WARN_OBJC_ROOT_CLASS = YES_ERROR;
				CLANG_WARN_UNREACHABLE_CODE = YES;
				CLANG_WARN__DUPLICATE_METHOD_MATCH = YES;
				"CODE_SIGN_IDENTITY[sdk=iphoneos*]" = "iPhone Developer";
				COPY_PHASE_STRIP = NO;
				DEBUG_INFORMATION_FORMAT = "dwarf-with-dsym";
				ENABLE_STRICT_OBJC_MSGSEND = YES;
				GCC_C_LANGUAGE_STANDARD = gnu99;
				GCC_DYNAMIC_NO_PIC = NO;
				GCC_NO_COMMON_BLOCKS = YES;
				GCC_OPTIMIZATION_LEVEL = 0;
				GCC_PREPROCESSOR_DEFINITIONS = (
					"DEBUG=1",
					"$(inherited)",
				);
				GCC_SYMBOLS_PRIVATE_EXTERN = NO;
				GCC_WARN_64_TO_32_BIT_CONVERSION = YES;
				GCC_WARN_ABOUT_RETURN_TYPE = YES_ERROR;
				GCC_WARN_UNDECLARED_SELECTOR = YES;
				GCC_WARN_UNINITIALIZED_AUTOS = YES_AGGRESSIVE;
				GCC_WARN_UNUSED_FUNCTION = YES;
				GCC_WARN_UNUSED_VARIABLE = YES;
				IPHONEOS_DEPLOYMENT_TARGET = 8.3;
				MTL_ENABLE_DEBUG_INFO = YES;
				ONLY_ACTIVE_ARCH = YES;
				SDKROOT = iphoneos;
				SWIFT_OPTIMIZATION_LEVEL = "-Onone";
				TARGETED_DEVICE_FAMILY = "1,2";
			};
			name = Debug;
		};
		B5F611DA1B3DEFB900ECA0FA /* Release */ = {
			isa = XCBuildConfiguration;
			buildSettings = {
				ALWAYS_SEARCH_USER_PATHS = NO;
				CLANG_CXX_LANGUAGE_STANDARD = "gnu++0x";
				CLANG_CXX_LIBRARY = "libc++";
				CLANG_ENABLE_MODULES = YES;
				CLANG_ENABLE_OBJC_ARC = YES;
				CLANG_WARN_BOOL_CONVERSION = YES;
				CLANG_WARN_CONSTANT_CONVERSION = YES;
				CLANG_WARN_DIRECT_OBJC_ISA_USAGE = YES_ERROR;
				CLANG_WARN_EMPTY_BODY = YES;
				CLANG_WARN_ENUM_CONVERSION = YES;
				CLANG_WARN_INT_CONVERSION = YES;
				CLANG_WARN_OBJC_ROOT_CLASS = YES_ERROR;
				CLANG_WARN_UNREACHABLE_CODE = YES;
				CLANG_WARN__DUPLICATE_METHOD_MATCH = YES;
				"CODE_SIGN_IDENTITY[sdk=iphoneos*]" = "iPhone Developer";
				COPY_PHASE_STRIP = NO;
				DEBUG_INFORMATION_FORMAT = "dwarf-with-dsym";
				ENABLE_NS_ASSERTIONS = NO;
				ENABLE_STRICT_OBJC_MSGSEND = YES;
				GCC_C_LANGUAGE_STANDARD = gnu99;
				GCC_NO_COMMON_BLOCKS = YES;
				GCC_WARN_64_TO_32_BIT_CONVERSION = YES;
				GCC_WARN_ABOUT_RETURN_TYPE = YES_ERROR;
				GCC_WARN_UNDECLARED_SELECTOR = YES;
				GCC_WARN_UNINITIALIZED_AUTOS = YES_AGGRESSIVE;
				GCC_WARN_UNUSED_FUNCTION = YES;
				GCC_WARN_UNUSED_VARIABLE = YES;
				IPHONEOS_DEPLOYMENT_TARGET = 8.3;
				MTL_ENABLE_DEBUG_INFO = NO;
				SDKROOT = iphoneos;
				TARGETED_DEVICE_FAMILY = "1,2";
				VALIDATE_PRODUCT = YES;
			};
			name = Release;
		};
		B5F611DC1B3DEFB900ECA0FA /* Debug */ = {
			isa = XCBuildConfiguration;
			buildSettings = {
				ASSETCATALOG_COMPILER_APPICON_NAME = AppIcon;
				INFOPLIST_FILE = CollegeEats/Info.plist;
				LD_RUNPATH_SEARCH_PATHS = "$(inherited) @executable_path/Frameworks";
				PRODUCT_NAME = "$(TARGET_NAME)";
			};
			name = Debug;
		};
		B5F611DD1B3DEFB900ECA0FA /* Release */ = {
			isa = XCBuildConfiguration;
			buildSettings = {
				ASSETCATALOG_COMPILER_APPICON_NAME = AppIcon;
				INFOPLIST_FILE = CollegeEats/Info.plist;
				LD_RUNPATH_SEARCH_PATHS = "$(inherited) @executable_path/Frameworks";
				PRODUCT_NAME = "$(TARGET_NAME)";
			};
			name = Release;
		};
		B5F611DF1B3DEFB900ECA0FA /* Debug */ = {
			isa = XCBuildConfiguration;
			buildSettings = {
				BUNDLE_LOADER = "$(TEST_HOST)";
				FRAMEWORK_SEARCH_PATHS = (
					"$(SDKROOT)/Developer/Library/Frameworks",
					"$(inherited)",
				);
				GCC_PREPROCESSOR_DEFINITIONS = (
					"DEBUG=1",
					"$(inherited)",
				);
				INFOPLIST_FILE = CollegeEatsTests/Info.plist;
				LD_RUNPATH_SEARCH_PATHS = "$(inherited) @executable_path/Frameworks @loader_path/Frameworks";
				PRODUCT_NAME = "$(TARGET_NAME)";
				TEST_HOST = "$(BUILT_PRODUCTS_DIR)/CollegeEats.app/CollegeEats";
			};
			name = Debug;
		};
		B5F611E01B3DEFB900ECA0FA /* Release */ = {
			isa = XCBuildConfiguration;
			buildSettings = {
				BUNDLE_LOADER = "$(TEST_HOST)";
				FRAMEWORK_SEARCH_PATHS = (
					"$(SDKROOT)/Developer/Library/Frameworks",
					"$(inherited)",
				);
				INFOPLIST_FILE = CollegeEatsTests/Info.plist;
				LD_RUNPATH_SEARCH_PATHS = "$(inherited) @executable_path/Frameworks @loader_path/Frameworks";
				PRODUCT_NAME = "$(TARGET_NAME)";
				TEST_HOST = "$(BUILT_PRODUCTS_DIR)/CollegeEats.app/CollegeEats";
			};
			name = Release;
		};
/* End XCBuildConfiguration section */

/* Begin XCConfigurationList section */
		B5F611B71B3DEFB900ECA0FA /* Build configuration list for PBXProject "CollegeEats" */ = {
			isa = XCConfigurationList;
			buildConfigurations = (
				B5F611D91B3DEFB900ECA0FA /* Debug */,
				B5F611DA1B3DEFB900ECA0FA /* Release */,
			);
			defaultConfigurationIsVisible = 0;
			defaultConfigurationName = Release;
		};
		B5F611DB1B3DEFB900ECA0FA /* Build configuration list for PBXNativeTarget "CollegeEats" */ = {
			isa = XCConfigurationList;
			buildConfigurations = (
				B5F611DC1B3DEFB900ECA0FA /* Debug */,
				B5F611DD1B3DEFB900ECA0FA /* Release */,
			);
			defaultConfigurationIsVisible = 0;
			defaultConfigurationName = Release;
		};
		B5F611DE1B3DEFB900ECA0FA /* Build configuration list for PBXNativeTarget "CollegeEatsTests" */ = {
			isa = XCConfigurationList;
			buildConfigurations = (
				B5F611DF1B3DEFB900ECA0FA /* Debug */,
				B5F611E01B3DEFB900ECA0FA /* Release */,
			);
			defaultConfigurationIsVisible = 0;
			defaultConfigurationName = Release;
		};
/* End XCConfigurationList section */
	};
	rootObject = B5F611B41B3DEFB800ECA0FA /* Project object */;
}
